
Microsoft Visual Studio Solution File, Format Version 12.00
# Visual Studio Version 16
VisualStudioVersion = 16.0.31005.135
MinimumVisualStudioVersion = 10.0.40219.1
Project("{9A19103F-16F7-4668-BE54-9A1E7A4F7556}") = "grpc", "grpc\grpc.csproj", "{AF2AA9D7-6CE8-4EBE-A144-AECFAC3E6002}"
EndProject
Project("{9A19103F-16F7-4668-BE54-9A1E7A4F7556}") = "grpcClient", "grpcClient\grpcClient.csproj", "{2E4C2C88-AE8E-42FB-B485-B266D9DBFF0A}"
EndProject
Project("{FAE04EC0-301F-11D3-BF4B-00C04F79EFBC}") = "mygrpcServer", "mygrpcServer\mygrpcServer.csproj", "{FDFA96E6-8294-4D42-BBC1-0E0A3856B726}"
EndProject
Global
	GlobalSection(SolutionConfigurationPlatforms) = preSolution
		Debug|Any CPU = Debug|Any CPU
		Release|Any CPU = Release|Any CPU
	EndGlobalSection
	GlobalSection(ProjectConfigurationPlatforms) = postSolution
		{AF2AA9D7-6CE8-4EBE-A144-AECFAC3E6002}.Debug|Any CPU.ActiveCfg = Debug|Any CPU
		{AF2AA9D7-6CE8-4EBE-A144-AECFAC3E6002}.Debug|Any CPU.Build.0 = Debug|Any CPU
		{AF2AA9D7-6CE8-4EBE-A144-AECFAC3E6002}.Release|Any CPU.ActiveCfg = Release|Any CPU
		{AF2AA9D7-6CE8-4EBE-A144-AECFAC3E6002}.Release|Any CPU.Build.0 = Release|Any CPU
		{2E4C2C88-AE8E-42FB-B485-B266D9DBFF0A}.Debug|Any CPU.ActiveCfg = Debug|Any CPU
		{2E4C2C88-AE8E-42FB-B485-B266D9DBFF0A}.Debug|Any CPU.Build.0 = Debug|Any CPU
		{2E4C2C88-AE8E-42FB-B485-B266D9DBFF0A}.Release|Any CPU.ActiveCfg = Release|Any CPU
		{2E4C2C88-AE8E-42FB-B485-B266D9DBFF0A}.Release|Any CPU.Build.0 = Release|Any CPU
		{FDFA96E6-8294-4D42-BBC1-0E0A3856B726}.Debug|Any CPU.ActiveCfg = Debug|Any CPU
		{FDFA96E6-8294-4D42-BBC1-0E0A3856B726}.Debug|Any CPU.Build.0 = Debug|Any CPU
		{FDFA96E6-8294-4D42-BBC1-0E0A3856B726}.Release|Any CPU.ActiveCfg = Release|Any CPU
		{FDFA96E6-8294-4D42-BBC1-0E0A3856B726}.Release|Any CPU.Build.0 = Release|Any CPU
	EndGlobalSection
	GlobalSection(SolutionProperties) = preSolution
		HideSolutionNode = FALSE
	EndGlobalSection
	GlobalSection(ExtensibilityGlobals) = postSolution
		SolutionGuid = {855EF688-DC7F-4CCD-99BC-0EFB4A4B555B}
	EndGlobalSection
EndGlobal
